// !$*UTF8*$!
{
	archiveVersion = 1;
	classes = {
	};
	objectVersion = 50;
	objects = {

/* Begin PBXBuildFile section */
		079F5163261C566A00534968 /* utils.cpp in Sources */ = {isa = PBXBuildFile; fileRef = 079F5161261C566A00534968 /* utils.cpp */; };
		07A2E3F826201F8C0069228D /* libworkflow.a in Frameworks */ = {isa = PBXBuildFile; fileRef = 07A2E3F726201F7D0069228D /* libworkflow.a */; };
		07A2E40F262022FB0069228D /* libcrypto.a in Frameworks */ = {isa = PBXBuildFile; fileRef = 07A2E40E262022EE0069228D /* libcrypto.a */; };
		07A2E410262022FB0069228D /* libssl.a in Frameworks */ = {isa = PBXBuildFile; fileRef = 07A2E40D262022EE0069228D /* libssl.a */; };
		7F32011226108EF4003DD586 /* main.cpp in Sources */ = {isa = PBXBuildFile; fileRef = 7F32011126108EF4003DD586 /* main.cpp */; };
		7F32011B26109224003DD586 /* tocken.cpp in Sources */ = {isa = PBXBuildFile; fileRef = 7F32011926109224003DD586 /* tocken.cpp */; };
/* End PBXBuildFile section */

/* Begin PBXCopyFilesBuildPhase section */
		7F32010C26108EF4003DD586 /* CopyFiles */ = {
			isa = PBXCopyFilesBuildPhase;
			buildActionMask = 2147483647;
			dstPath = /usr/share/man/man1/;
			dstSubfolderSpec = 0;
			files = (
			);
			runOnlyForDeploymentPostprocessing = 1;
		};
/* End PBXCopyFilesBuildPhase section */

/* Begin PBXFileReference section */
		079F5161261C566A00534968 /* utils.cpp */ = {isa = PBXFileReference; lastKnownFileType = sourcecode.cpp.cpp; path = utils.cpp; sourceTree = "<group>"; };
		079F5162261C566A00534968 /* utils.hpp */ = {isa = PBXFileReference; lastKnownFileType = sourcecode.cpp.h; path = utils.hpp; sourceTree = "<group>"; };
		07A2E3F726201F7D0069228D /* libworkflow.a */ = {isa = PBXFileReference; lastKnownFileType = archive.ar; name = libworkflow.a; path = 3rd_part/libworkflow.a; sourceTree = "<group>"; };
		07A2E40D262022EE0069228D /* libssl.a */ = {isa = PBXFileReference; lastKnownFileType = archive.ar; name = libssl.a; path = 3rd_part/libssl.a; sourceTree = "<group>"; };
		07A2E40E262022EE0069228D /* libcrypto.a */ = {isa = PBXFileReference; lastKnownFileType = archive.ar; name = libcrypto.a; path = 3rd_part/libcrypto.a; sourceTree = "<group>"; };
		7F32010E26108EF4003DD586 /* tocken */ = {isa = PBXFileReference; explicitFileType = "compiled.mach-o.executable"; includeInIndex = 0; path = tocken; sourceTree = BUILT_PRODUCTS_DIR; };
		7F32011126108EF4003DD586 /* main.cpp */ = {isa = PBXFileReference; lastKnownFileType = sourcecode.cpp.cpp; path = main.cpp; sourceTree = "<group>"; };
		7F32011926109224003DD586 /* tocken.cpp */ = {isa = PBXFileReference; lastKnownFileType = sourcecode.cpp.cpp; path = tocken.cpp; sourceTree = "<group>"; };
		7F32011A26109224003DD586 /* tocken.hpp */ = {isa = PBXFileReference; lastKnownFileType = sourcecode.cpp.h; path = tocken.hpp; sourceTree = "<group>"; };
		7F32011E26109D37003DD586 /* source */ = {isa = PBXFileReference; fileEncoding = 4; lastKnownFileType = text; path = source; sourceTree = SOURCE_ROOT; };
/* End PBXFileReference section */

/* Begin PBXFrameworksBuildPhase section */
		7F32010B26108EF4003DD586 /* Frameworks */ = {
			isa = PBXFrameworksBuildPhase;
			buildActionMask = 2147483647;
			files = (
				07A2E40F262022FB0069228D /* libcrypto.a in Frameworks */,
				07A2E3F826201F8C0069228D /* libworkflow.a in Frameworks */,
				07A2E410262022FB0069228D /* libssl.a in Frameworks */,
			);
			runOnlyForDeploymentPostprocessing = 0;
		};
/* End PBXFrameworksBuildPhase section */

/* Begin PBXGroup section */
		07A2E3F626201F7D0069228D /* Frameworks */ = {
			isa = PBXGroup;
			children = (
				07A2E40E262022EE0069228D /* libcrypto.a */,
				07A2E40D262022EE0069228D /* libssl.a */,
				07A2E3F726201F7D0069228D /* libworkflow.a */,
			);
			name = Frameworks;
			sourceTree = "<group>";
		};
		7F32010526108EF4003DD586 = {
			isa = PBXGroup;
			children = (
				7F32011026108EF4003DD586 /* tocken */,
				7F32010F26108EF4003DD586 /* Products */,
				07A2E3F626201F7D0069228D /* Frameworks */,
			);
			sourceTree = "<group>";
		};
		7F32010F26108EF4003DD586 /* Products */ = {
			isa = PBXGroup;
			children = (
				7F32010E26108EF4003DD586 /* tocken */,
			);
			name = Products;
			sourceTree = "<group>";
		};
		7F32011026108EF4003DD586 /* tocken */ = {
			isa = PBXGroup;
			children = (
				7F32011126108EF4003DD586 /* main.cpp */,
				7F32011A26109224003DD586 /* tocken.hpp */,
				7F32011926109224003DD586 /* tocken.cpp */,
				079F5162261C566A00534968 /* utils.hpp */,
				079F5161261C566A00534968 /* utils.cpp */,
				7F32011E26109D37003DD586 /* source */,
			);
			path = tocken;
			sourceTree = "<group>";
		};
/* End PBXGroup section */

/* Begin PBXNativeTarget section */
		7F32010D26108EF4003DD586 /* tocken */ = {
			isa = PBXNativeTarget;
			buildConfigurationList = 7F32011526108EF4003DD586 /* Build configuration list for PBXNativeTarget "tocken" */;
			buildPhases = (
				7F32010A26108EF4003DD586 /* Sources */,
				7F32010B26108EF4003DD586 /* Frameworks */,
				7F32010C26108EF4003DD586 /* CopyFiles */,
			);
			buildRules = (
			);
			dependencies = (
			);
			name = tocken;
			productName = tocken;
			productReference = 7F32010E26108EF4003DD586 /* tocken */;
			productType = "com.apple.product-type.tool";
		};
/* End PBXNativeTarget section */

/* Begin PBXProject section */
		7F32010626108EF4003DD586 /* Project object */ = {
			isa = PBXProject;
			attributes = {
				LastUpgradeCheck = 1240;
				TargetAttributes = {
					7F32010D26108EF4003DD586 = {
						CreatedOnToolsVersion = 12.4;
					};
				};
			};
			buildConfigurationList = 7F32010926108EF4003DD586 /* Build configuration list for PBXProject "tocken" */;
			compatibilityVersion = "Xcode 9.3";
			developmentRegion = en;
			hasScannedForEncodings = 0;
			knownRegions = (
				en,
				Base,
			);
			mainGroup = 7F32010526108EF4003DD586;
			productRefGroup = 7F32010F26108EF4003DD586 /* Products */;
			projectDirPath = "";
			projectRoot = "";
			targets = (
				7F32010D26108EF4003DD586 /* tocken */,
			);
		};
/* End PBXProject section */

/* Begin PBXSourcesBuildPhase section */
		7F32010A26108EF4003DD586 /* Sources */ = {
			isa = PBXSourcesBuildPhase;
			buildActionMask = 2147483647;
			files = (
				079F5163261C566A00534968 /* utils.cpp in Sources */,
				7F32011226108EF4003DD586 /* main.cpp in Sources */,
				7F32011B26109224003DD586 /* tocken.cpp in Sources */,
			);
			runOnlyForDeploymentPostprocessing = 0;
		};
/* End PBXSourcesBuildPhase section */

/* Begin XCBuildConfiguration section */
		7F32011326108EF4003DD586 /* Debug */ = {
			isa = XCBuildConfiguration;
			buildSettings = {
				ALWAYS_SEARCH_USER_PATHS = NO;
				CLANG_ANALYZER_NONNULL = YES;
				CLANG_ANALYZER_NUMBER_OBJECT_CONVERSION = YES_AGGRESSIVE;
				CLANG_CXX_LANGUAGE_STANDARD = "gnu++14";
				CLANG_CXX_LIBRARY = "libc++";
				CLANG_ENABLE_MODULES = YES;
				CLANG_ENABLE_OBJC_ARC = YES;
				CLANG_ENABLE_OBJC_WEAK = YES;
				CLANG_WARN_BLOCK_CAPTURE_AUTORELEASING = YES;
				CLANG_WARN_BOOL_CONVERSION = YES;
				CLANG_WARN_COMMA = YES;
				CLANG_WARN_CONSTANT_CONVERSION = YES;
				CLANG_WARN_DEPRECATED_OBJC_IMPLEMENTATIONS = YES;
				CLANG_WARN_DIRECT_OBJC_ISA_USAGE = YES_ERROR;
				CLANG_WARN_DOCUMENTATION_COMMENTS = YES;
				CLANG_WARN_EMPTY_BODY = YES;
				CLANG_WARN_ENUM_CONVERSION = YES;
				CLANG_WARN_INFINITE_RECURSION = YES;
				CLANG_WARN_INT_CONVERSION = YES;
				CLANG_WARN_NON_LITERAL_NULL_CONVERSION = YES;
				CLANG_WARN_OBJC_IMPLICIT_RETAIN_SELF = YES;
				CLANG_WARN_OBJC_LITERAL_CONVERSION = YES;
				CLANG_WARN_OBJC_ROOT_CLASS = YES_ERROR;
				CLANG_WARN_QUOTED_INCLUDE_IN_FRAMEWORK_HEADER = YES;
				CLANG_WARN_RANGE_LOOP_ANALYSIS = YES;
				CLANG_WARN_STRICT_PROTOTYPES = YES;
				CLANG_WARN_SUSPICIOUS_MOVE = YES;
				CLANG_WARN_UNGUARDED_AVAILABILITY = YES_AGGRESSIVE;
				CLANG_WARN_UNREACHABLE_CODE = YES;
				CLANG_WARN__DUPLICATE_METHOD_MATCH = YES;
				COPY_PHASE_STRIP = NO;
				DEBUG_INFORMATION_FORMAT = dwarf;
				ENABLE_STRICT_OBJC_MSGSEND = YES;
				ENABLE_TESTABILITY = YES;
				GCC_C_LANGUAGE_STANDARD = gnu11;
				GCC_DYNAMIC_NO_PIC = NO;
				GCC_NO_COMMON_BLOCKS = YES;
				GCC_OPTIMIZATION_LEVEL = 0;
				GCC_PREPROCESSOR_DEFINITIONS = (
					"DEBUG=1",
					"$(inherited)",
				);
				GCC_WARN_64_TO_32_BIT_CONVERSION = YES;
				GCC_WARN_ABOUT_RETURN_TYPE = YES_ERROR;
				GCC_WARN_UNDECLARED_SELECTOR = YES;
				GCC_WARN_UNINITIALIZED_AUTOS = YES_AGGRESSIVE;
				GCC_WARN_UNUSED_FUNCTION = YES;
				GCC_WARN_UNUSED_VARIABLE = YES;
				MACOSX_DEPLOYMENT_TARGET = 10.15;
				MTL_ENABLE_DEBUG_INFO = INCLUDE_SOURCE;
				MTL_FAST_MATH = YES;
				ONLY_ACTIVE_ARCH = YES;
				SDKROOT = macosx;
			};
			name = Debug;
		};
		7F32011426108EF4003DD586 /* Release */ = {
			isa = XCBuildConfiguration;
			buildSettings = {
				ALWAYS_SEARCH_USER_PATHS = NO;
				CLANG_ANALYZER_NONNULL = YES;
				CLANG_ANALYZER_NUMBER_OBJECT_CONVERSION = YES_AGGRESSIVE;
				CLANG_CXX_LANGUAGE_STANDARD = "gnu++14";
				CLANG_CXX_LIBRARY = "libc++";
				CLANG_ENABLE_MODULES = YES;
				CLANG_ENABLE_OBJC_ARC = YES;
				CLANG_ENABLE_OBJC_WEAK = YES;
				CLANG_WARN_BLOCK_CAPTURE_AUTORELEASING = YES;
				CLANG_WARN_BOOL_CONVERSION = YES;
				CLANG_WARN_COMMA = YES;
				CLANG_WARN_CONSTANT_CONVERSION = YES;
				CLANG_WARN_DEPRECATED_OBJC_IMPLEMENTATIONS = YES;
				CLANG_WARN_DIRECT_OBJC_ISA_USAGE = YES_ERROR;
				CLANG_WARN_DOCUMENTATION_COMMENTS = YES;
				CLANG_WARN_EMPTY_BODY = YES;
				CLANG_WARN_ENUM_CONVERSION = YES;
				CLANG_WARN_INFINITE_RECURSION = YES;
				CLANG_WARN_INT_CONVERSION = YES;
				CLANG_WARN_NON_LITERAL_NULL_CONVERSION = YES;
				CLANG_WARN_OBJC_IMPLICIT_RETAIN_SELF = YES;
				CLANG_WARN_OBJC_LITERAL_CONVERSION = YES;
				CLANG_WARN_OBJC_ROOT_CLASS = YES_ERROR;
				CLANG_WARN_QUOTED_INCLUDE_IN_FRAMEWORK_HEADER = YES;
				CLANG_WARN_RANGE_LOOP_ANALYSIS = YES;
				CLANG_WARN_STRICT_PROTOTYPES = YES;
				CLANG_WARN_SUSPICIOUS_MOVE = YES;
				CLANG_WARN_UNGUARDED_AVAILABILITY = YES_AGGRESSIVE;
				CLANG_WARN_UNREACHABLE_CODE = YES;
				CLANG_WARN__DUPLICATE_METHOD_MATCH = YES;
				COPY_PHASE_STRIP = NO;
				DEBUG_INFORMATION_FORMAT = "dwarf-with-dsym";
				ENABLE_NS_ASSERTIONS = NO;
				ENABLE_STRICT_OBJC_MSGSEND = YES;
				GCC_C_LANGUAGE_STANDARD = gnu11;
				GCC_NO_COMMON_BLOCKS = YES;
				GCC_WARN_64_TO_32_BIT_CONVERSION = YES;
				GCC_WARN_ABOUT_RETURN_TYPE = YES_ERROR;
				GCC_WARN_UNDECLARED_SELECTOR = YES;
				GCC_WARN_UNINITIALIZED_AUTOS = YES_AGGRESSIVE;
				GCC_WARN_UNUSED_FUNCTION = YES;
				GCC_WARN_UNUSED_VARIABLE = YES;
				MACOSX_DEPLOYMENT_TARGET = 10.15;
				MTL_ENABLE_DEBUG_INFO = NO;
				MTL_FAST_MATH = YES;
				SDKROOT = macosx;
			};
			name = Release;
		};
		7F32011626108EF4003DD586 /* Debug */ = {
			isa = XCBuildConfiguration;
			buildSettings = {
				CODE_SIGN_STYLE = Automatic;
				HEADER_SEARCH_PATHS = "$(PROJECT_DIR)/3rd_part";
				LIBRARY_SEARCH_PATHS = (
					"$(inherited)",
					"$(PROJECT_DIR)/3rd_part",
				);
				PRODUCT_NAME = "$(TARGET_NAME)";
			};
			name = Debug;
		};
		7F32011726108EF4003DD586 /* Release */ = {
			isa = XCBuildConfiguration;
			buildSettings = {
				CODE_SIGN_STYLE = Automatic;
				HEADER_SEARCH_PATHS = "$(PROJECT_DIR)/3rd_part";
				LIBRARY_SEARCH_PATHS = (
					"$(inherited)",
					"$(PROJECT_DIR)/3rd_part",
				);
				PRODUCT_NAME = "$(TARGET_NAME)";
			};
			name = Release;
		};
/* End XCBuildConfiguration section */

/* Begin XCConfigurationList section */
		7F32010926108EF4003DD586 /* Build configuration list for PBXProject "tocken" */ = {
			isa = XCConfigurationList;
			buildConfigurations = (
				7F32011326108EF4003DD586 /* Debug */,
				7F32011426108EF4003DD586 /* Release */,
			);
			defaultConfigurationIsVisible = 0;
			defaultConfigurationName = Release;
		};
		7F32011526108EF4003DD586 /* Build configuration list for PBXNativeTarget "tocken" */ = {
			isa = XCConfigurationList;
			buildConfigurations = (
				7F32011626108EF4003DD586 /* Debug */,
				7F32011726108EF4003DD586 /* Release */,
			);
			defaultConfigurationIsVisible = 0;
			defaultConfigurationName = Release;
		};
/* End XCConfigurationList section */
	};
	rootObject = 7F32010626108EF4003DD586 /* Project object */;
}
